
Microsoft Visual Studio Solution File, Format Version 12.00
# Visual Studio Version 16
VisualStudioVersion = 16.0.30204.135
MinimumVisualStudioVersion = 10.0.40219.1
Project("{FAE04EC0-301F-11D3-BF4B-00C04F79EFBC}") = "VKCreateLead", "VKCreateLead.csproj", "{33BB564D-1044-4C94-826C-06722CF560A7}"
EndProject
Global
	GlobalSection(SolutionConfigurationPlatforms) = preSolution
		Debug|Any CPU = Debug|Any CPU
		Release|Any CPU = Release|Any CPU
	EndGlobalSection
	GlobalSection(ProjectConfigurationPlatforms) = postSolution
		{33BB564D-1044-4C94-826C-06722CF560A7}.Debug|Any CPU.ActiveCfg = Debug|Any CPU
		{33BB564D-1044-4C94-826C-06722CF560A7}.Debug|Any CPU.Build.0 = Debug|Any CPU
		{33BB564D-1044-4C94-826C-06722CF560A7}.Release|Any CPU.ActiveCfg = Release|Any CPU
		{33BB564D-1044-4C94-826C-06722CF560A7}.Release|Any CPU.Build.0 = Release|Any CPU
	EndGlobalSection
	GlobalSection(SolutionProperties) = preSolution
		HideSolutionNode = FALSE
	EndGlobalSection
	GlobalSection(ExtensibilityGlobals) = postSolution
		SolutionGuid = {BF46FAD0-2CF1-49BD-9195-21B17FAC46C6}
	EndGlobalSection
EndGlobal
